// !$*UTF8*$!
{
	archiveVersion = 1;
	classes = {
	};
	objectVersion = 56;
	objects = {

/* Begin PBXBuildFile section */
		985D7A482B4B2F340066E5E5 /* ExpenseTrackerApp.swift in Sources */ = {isa = PBXBuildFile; fileRef = 985D7A472B4B2F340066E5E5 /* ExpenseTrackerApp.swift */; };
		985D7A4F2B4B2F340066E5E5 /* Preview Assets.xcassets in Resources */ = {isa = PBXBuildFile; fileRef = 985D7A4E2B4B2F340066E5E5 /* Preview Assets.xcassets */; };
		985D7A582B4B2F4A0066E5E5 /* TransactionModel.swift in Sources */ = {isa = PBXBuildFile; fileRef = 985D7A572B4B2F4A0066E5E5 /* TransactionModel.swift */; };
		985D7A5A2B4B2F4F0066E5E5 /* TransactionRowView.swift in Sources */ = {isa = PBXBuildFile; fileRef = 985D7A592B4B2F4F0066E5E5 /* TransactionRowView.swift */; };
		985D7A5C2B4B2F620066E5E5 /* Extensions.swift in Sources */ = {isa = PBXBuildFile; fileRef = 985D7A5B2B4B2F620066E5E5 /* Extensions.swift */; };
		985D7A602B4B2F770066E5E5 /* PreviewData.swift in Sources */ = {isa = PBXBuildFile; fileRef = 985D7A5F2B4B2F770066E5E5 /* PreviewData.swift */; };
		985D7A652B4B337F0066E5E5 /* SwiftUIFontIcon in Frameworks */ = {isa = PBXBuildFile; productRef = 985D7A642B4B337F0066E5E5 /* SwiftUIFontIcon */; };
		985D7A672B4BE7970066E5E5 /* TransactionListViewModel.swift in Sources */ = {isa = PBXBuildFile; fileRef = 985D7A662B4BE7970066E5E5 /* TransactionListViewModel.swift */; };
		985D7A692B4BF1520066E5E5 /* RecentTransactionListView.swift in Sources */ = {isa = PBXBuildFile; fileRef = 985D7A682B4BF1520066E5E5 /* RecentTransactionListView.swift */; };
		985D7A6B2B4C23BA0066E5E5 /* TransactionListView.swift in Sources */ = {isa = PBXBuildFile; fileRef = 985D7A6A2B4C23BA0066E5E5 /* TransactionListView.swift */; };
		985D7A6E2B4C27820066E5E5 /* Collections in Frameworks */ = {isa = PBXBuildFile; productRef = 985D7A6D2B4C27820066E5E5 /* Collections */; };
		985D7A702B4C27820066E5E5 /* DequeModule in Frameworks */ = {isa = PBXBuildFile; productRef = 985D7A6F2B4C27820066E5E5 /* DequeModule */; };
		985D7A722B4C27820066E5E5 /* OrderedCollections in Frameworks */ = {isa = PBXBuildFile; productRef = 985D7A712B4C27820066E5E5 /* OrderedCollections */; };
		985D7A752B4C28F60066E5E5 /* SwiftUICharts in Frameworks */ = {isa = PBXBuildFile; productRef = 985D7A742B4C28F60066E5E5 /* SwiftUICharts */; };
		985D7A792B4C99A50066E5E5 /* ContentView.swift in Sources */ = {isa = PBXBuildFile; fileRef = 985D7A782B4C99A50066E5E5 /* ContentView.swift */; };
		985D7A852B4C9DE00066E5E5 /* Assets.xcassets in Resources */ = {isa = PBXBuildFile; fileRef = 985D7A842B4C9DE00066E5E5 /* Assets.xcassets */; };
		985D7A872B4CA7D80066E5E5 /* LaunchScreen.storyboard in Resources */ = {isa = PBXBuildFile; fileRef = 985D7A862B4CA7D80066E5E5 /* LaunchScreen.storyboard */; };
/* End PBXBuildFile section */

/* Begin PBXFileReference section */
		985D7A442B4B2F340066E5E5 /* ExpenseTracker.app */ = {isa = PBXFileReference; explicitFileType = wrapper.application; includeInIndex = 0; path = ExpenseTracker.app; sourceTree = BUILT_PRODUCTS_DIR; };
		985D7A472B4B2F340066E5E5 /* ExpenseTrackerApp.swift */ = {isa = PBXFileReference; lastKnownFileType = sourcecode.swift; path = ExpenseTrackerApp.swift; sourceTree = "<group>"; };
		985D7A4E2B4B2F340066E5E5 /* Preview Assets.xcassets */ = {isa = PBXFileReference; lastKnownFileType = folder.assetcatalog; path = "Preview Assets.xcassets"; sourceTree = "<group>"; };
		985D7A572B4B2F4A0066E5E5 /* TransactionModel.swift */ = {isa = PBXFileReference; fileEncoding = 4; lastKnownFileType = sourcecode.swift; path = TransactionModel.swift; sourceTree = "<group>"; };
		985D7A592B4B2F4F0066E5E5 /* TransactionRowView.swift */ = {isa = PBXFileReference; fileEncoding = 4; lastKnownFileType = sourcecode.swift; path = TransactionRowView.swift; sourceTree = "<group>"; };
		985D7A5B2B4B2F620066E5E5 /* Extensions.swift */ = {isa = PBXFileReference; fileEncoding = 4; lastKnownFileType = sourcecode.swift; path = Extensions.swift; sourceTree = "<group>"; };
		985D7A5F2B4B2F770066E5E5 /* PreviewData.swift */ = {isa = PBXFileReference; fileEncoding = 4; lastKnownFileType = sourcecode.swift; path = PreviewData.swift; sourceTree = "<group>"; };
		985D7A662B4BE7970066E5E5 /* TransactionListViewModel.swift */ = {isa = PBXFileReference; lastKnownFileType = sourcecode.swift; path = TransactionListViewModel.swift; sourceTree = "<group>"; };
		985D7A682B4BF1520066E5E5 /* RecentTransactionListView.swift */ = {isa = PBXFileReference; lastKnownFileType = sourcecode.swift; path = RecentTransactionListView.swift; sourceTree = "<group>"; };
		985D7A6A2B4C23BA0066E5E5 /* TransactionListView.swift */ = {isa = PBXFileReference; lastKnownFileType = sourcecode.swift; path = TransactionListView.swift; sourceTree = "<group>"; };
		985D7A782B4C99A50066E5E5 /* ContentView.swift */ = {isa = PBXFileReference; lastKnownFileType = sourcecode.swift; path = ContentView.swift; sourceTree = "<group>"; };
		985D7A842B4C9DE00066E5E5 /* Assets.xcassets */ = {isa = PBXFileReference; lastKnownFileType = folder.assetcatalog; path = Assets.xcassets; sourceTree = "<group>"; };
		985D7A862B4CA7D80066E5E5 /* LaunchScreen.storyboard */ = {isa = PBXFileReference; lastKnownFileType = file.storyboard; path = LaunchScreen.storyboard; sourceTree = "<group>"; };
/* End PBXFileReference section */

/* Begin PBXFrameworksBuildPhase section */
		985D7A412B4B2F340066E5E5 /* Frameworks */ = {
			isa = PBXFrameworksBuildPhase;
			buildActionMask = 2147483647;
			files = (
				985D7A6E2B4C27820066E5E5 /* Collections in Frameworks */,
				985D7A652B4B337F0066E5E5 /* SwiftUIFontIcon in Frameworks */,
				985D7A722B4C27820066E5E5 /* OrderedCollections in Frameworks */,
				985D7A702B4C27820066E5E5 /* DequeModule in Frameworks */,
				985D7A752B4C28F60066E5E5 /* SwiftUICharts in Frameworks */,
			);
			runOnlyForDeploymentPostprocessing = 0;
		};
/* End PBXFrameworksBuildPhase section */

/* Begin PBXGroup section */
		985D7A3B2B4B2F340066E5E5 = {
			isa = PBXGroup;
			children = (
				985D7A462B4B2F340066E5E5 /* ExpenseTracker */,
				985D7A452B4B2F340066E5E5 /* Products */,
			);
			sourceTree = "<group>";
		};
		985D7A452B4B2F340066E5E5 /* Products */ = {
			isa = PBXGroup;
			children = (
				985D7A442B4B2F340066E5E5 /* ExpenseTracker.app */,
			);
			name = Products;
			sourceTree = "<group>";
		};
		985D7A462B4B2F340066E5E5 /* ExpenseTracker */ = {
			isa = PBXGroup;
			children = (
				985D7A472B4B2F340066E5E5 /* ExpenseTrackerApp.swift */,
				985D7A662B4BE7970066E5E5 /* TransactionListViewModel.swift */,
				985D7A572B4B2F4A0066E5E5 /* TransactionModel.swift */,
				985D7A882B4CA7DE0066E5E5 /* Views */,
				985D7A842B4C9DE00066E5E5 /* Assets.xcassets */,
				985D7A5B2B4B2F620066E5E5 /* Extensions.swift */,
				985D7A4D2B4B2F340066E5E5 /* Preview Content */,
			);
			path = ExpenseTracker;
			sourceTree = "<group>";
		};
		985D7A4D2B4B2F340066E5E5 /* Preview Content */ = {
			isa = PBXGroup;
			children = (
				985D7A5F2B4B2F770066E5E5 /* PreviewData.swift */,
				985D7A4E2B4B2F340066E5E5 /* Preview Assets.xcassets */,
			);
			path = "Preview Content";
			sourceTree = "<group>";
		};
		985D7A882B4CA7DE0066E5E5 /* Views */ = {
			isa = PBXGroup;
			children = (
				985D7A682B4BF1520066E5E5 /* RecentTransactionListView.swift */,
				985D7A592B4B2F4F0066E5E5 /* TransactionRowView.swift */,
				985D7A6A2B4C23BA0066E5E5 /* TransactionListView.swift */,
				985D7A782B4C99A50066E5E5 /* ContentView.swift */,
				985D7A862B4CA7D80066E5E5 /* LaunchScreen.storyboard */,
			);
			path = Views;
			sourceTree = "<group>";
		};
/* End PBXGroup section */

/* Begin PBXNativeTarget section */
		985D7A432B4B2F340066E5E5 /* ExpenseTracker */ = {
			isa = PBXNativeTarget;
			buildConfigurationList = 985D7A522B4B2F340066E5E5 /* Build configuration list for PBXNativeTarget "ExpenseTracker" */;
			buildPhases = (
				985D7A402B4B2F340066E5E5 /* Sources */,
				985D7A412B4B2F340066E5E5 /* Frameworks */,
				985D7A422B4B2F340066E5E5 /* Resources */,
			);
			buildRules = (
			);
			dependencies = (
			);
			name = ExpenseTracker;
			packageProductDependencies = (
				985D7A642B4B337F0066E5E5 /* SwiftUIFontIcon */,
				985D7A6D2B4C27820066E5E5 /* Collections */,
				985D7A6F2B4C27820066E5E5 /* DequeModule */,
				985D7A712B4C27820066E5E5 /* OrderedCollections */,
				985D7A742B4C28F60066E5E5 /* SwiftUICharts */,
			);
			productName = ExpenseTracker;
			productReference = 985D7A442B4B2F340066E5E5 /* ExpenseTracker.app */;
			productType = "com.apple.product-type.application";
		};
/* End PBXNativeTarget section */

/* Begin PBXProject section */
		985D7A3C2B4B2F340066E5E5 /* Project object */ = {
			isa = PBXProject;
			attributes = {
				BuildIndependentTargetsInParallel = 1;
				LastSwiftUpdateCheck = 1510;
				LastUpgradeCheck = 1510;
				TargetAttributes = {
					985D7A432B4B2F340066E5E5 = {
						CreatedOnToolsVersion = 15.1;
					};
				};
			};
			buildConfigurationList = 985D7A3F2B4B2F340066E5E5 /* Build configuration list for PBXProject "ExpenseTracker" */;
			compatibilityVersion = "Xcode 14.0";
			developmentRegion = en;
			hasScannedForEncodings = 0;
			knownRegions = (
				en,
				Base,
			);
			mainGroup = 985D7A3B2B4B2F340066E5E5;
			packageReferences = (
				985D7A632B4B337F0066E5E5 /* XCRemoteSwiftPackageReference "SwiftUIFontIcon" */,
				985D7A6C2B4C27820066E5E5 /* XCRemoteSwiftPackageReference "swift-collections" */,
				985D7A732B4C28F60066E5E5 /* XCRemoteSwiftPackageReference "ChartView" */,
			);
			productRefGroup = 985D7A452B4B2F340066E5E5 /* Products */;
			projectDirPath = "";
			projectRoot = "";
			targets = (
				985D7A432B4B2F340066E5E5 /* ExpenseTracker */,
			);
		};
/* End PBXProject section */

/* Begin PBXResourcesBuildPhase section */
		985D7A422B4B2F340066E5E5 /* Resources */ = {
			isa = PBXResourcesBuildPhase;
			buildActionMask = 2147483647;
			files = (
				985D7A872B4CA7D80066E5E5 /* LaunchScreen.storyboard in Resources */,
				985D7A852B4C9DE00066E5E5 /* Assets.xcassets in Resources */,
				985D7A4F2B4B2F340066E5E5 /* Preview Assets.xcassets in Resources */,
			);
			runOnlyForDeploymentPostprocessing = 0;
		};
/* End PBXResourcesBuildPhase section */

/* Begin PBXSourcesBuildPhase section */
		985D7A402B4B2F340066E5E5 /* Sources */ = {
			isa = PBXSourcesBuildPhase;
			buildActionMask = 2147483647;
			files = (
				985D7A692B4BF1520066E5E5 /* RecentTransactionListView.swift in Sources */,
				985D7A5C2B4B2F620066E5E5 /* Extensions.swift in Sources */,
				985D7A6B2B4C23BA0066E5E5 /* TransactionListView.swift in Sources */,
				985D7A5A2B4B2F4F0066E5E5 /* TransactionRowView.swift in Sources */,
				985D7A602B4B2F770066E5E5 /* PreviewData.swift in Sources */,
				985D7A792B4C99A50066E5E5 /* ContentView.swift in Sources */,
				985D7A582B4B2F4A0066E5E5 /* TransactionModel.swift in Sources */,
				985D7A482B4B2F340066E5E5 /* ExpenseTrackerApp.swift in Sources */,
				985D7A672B4BE7970066E5E5 /* TransactionListViewModel.swift in Sources */,
			);
			runOnlyForDeploymentPostprocessing = 0;
		};
/* End PBXSourcesBuildPhase section */

/* Begin XCBuildConfiguration section */
		985D7A502B4B2F340066E5E5 /* Debug */ = {
			isa = XCBuildConfiguration;
			buildSettings = {
				ALWAYS_SEARCH_USER_PATHS = NO;
				ASSETCATALOG_COMPILER_GENERATE_SWIFT_ASSET_SYMBOL_EXTENSIONS = YES;
				CLANG_ANALYZER_NONNULL = YES;
				CLANG_ANALYZER_NUMBER_OBJECT_CONVERSION = YES_AGGRESSIVE;
				CLANG_CXX_LANGUAGE_STANDARD = "gnu++20";
				CLANG_ENABLE_MODULES = YES;
				CLANG_ENABLE_OBJC_ARC = YES;
				CLANG_ENABLE_OBJC_WEAK = YES;
				CLANG_WARN_BLOCK_CAPTURE_AUTORELEASING = YES;
				CLANG_WARN_BOOL_CONVERSION = YES;
				CLANG_WARN_COMMA = YES;
				CLANG_WARN_CONSTANT_CONVERSION = YES;
				CLANG_WARN_DEPRECATED_OBJC_IMPLEMENTATIONS = YES;
				CLANG_WARN_DIRECT_OBJC_ISA_USAGE = YES_ERROR;
				CLANG_WARN_DOCUMENTATION_COMMENTS = YES;
				CLANG_WARN_EMPTY_BODY = YES;
				CLANG_WARN_ENUM_CONVERSION = YES;
				CLANG_WARN_INFINITE_RECURSION = YES;
				CLANG_WARN_INT_CONVERSION = YES;
				CLANG_WARN_NON_LITERAL_NULL_CONVERSION = YES;
				CLANG_WARN_OBJC_IMPLICIT_RETAIN_SELF = YES;
				CLANG_WARN_OBJC_LITERAL_CONVERSION = YES;
				CLANG_WARN_OBJC_ROOT_CLASS = YES_ERROR;
				CLANG_WARN_QUOTED_INCLUDE_IN_FRAMEWORK_HEADER = YES;
				CLANG_WARN_RANGE_LOOP_ANALYSIS = YES;
				CLANG_WARN_STRICT_PROTOTYPES = YES;
				CLANG_WARN_SUSPICIOUS_MOVE = YES;
				CLANG_WARN_UNGUARDED_AVAILABILITY = YES_AGGRESSIVE;
				CLANG_WARN_UNREACHABLE_CODE = YES;
				CLANG_WARN__DUPLICATE_METHOD_MATCH = YES;
				COPY_PHASE_STRIP = NO;
				DEBUG_INFORMATION_FORMAT = dwarf;
				ENABLE_STRICT_OBJC_MSGSEND = YES;
				ENABLE_TESTABILITY = YES;
				ENABLE_USER_SCRIPT_SANDBOXING = YES;
				GCC_C_LANGUAGE_STANDARD = gnu17;
				GCC_DYNAMIC_NO_PIC = NO;
				GCC_NO_COMMON_BLOCKS = YES;
				GCC_OPTIMIZATION_LEVEL = 0;
				GCC_PREPROCESSOR_DEFINITIONS = (
					"DEBUG=1",
					"$(inherited)",
				);
				GCC_WARN_64_TO_32_BIT_CONVERSION = YES;
				GCC_WARN_ABOUT_RETURN_TYPE = YES_ERROR;
				GCC_WARN_UNDECLARED_SELECTOR = YES;
				GCC_WARN_UNINITIALIZED_AUTOS = YES_AGGRESSIVE;
				GCC_WARN_UNUSED_FUNCTION = YES;
				GCC_WARN_UNUSED_VARIABLE = YES;
				IPHONEOS_DEPLOYMENT_TARGET = 17.2;
				LOCALIZATION_PREFERS_STRING_CATALOGS = YES;
				MTL_ENABLE_DEBUG_INFO = INCLUDE_SOURCE;
				MTL_FAST_MATH = YES;
				ONLY_ACTIVE_ARCH = YES;
				SDKROOT = iphoneos;
				SWIFT_ACTIVE_COMPILATION_CONDITIONS = "DEBUG $(inherited)";
				SWIFT_OPTIMIZATION_LEVEL = "-Onone";
			};
			name = Debug;
		};
		985D7A512B4B2F340066E5E5 /* Release */ = {
			isa = XCBuildConfiguration;
			buildSettings = {
				ALWAYS_SEARCH_USER_PATHS = NO;
				ASSETCATALOG_COMPILER_GENERATE_SWIFT_ASSET_SYMBOL_EXTENSIONS = YES;
				CLANG_ANALYZER_NONNULL = YES;
				CLANG_ANALYZER_NUMBER_OBJECT_CONVERSION = YES_AGGRESSIVE;
				CLANG_CXX_LANGUAGE_STANDARD = "gnu++20";
				CLANG_ENABLE_MODULES = YES;
				CLANG_ENABLE_OBJC_ARC = YES;
				CLANG_ENABLE_OBJC_WEAK = YES;
				CLANG_WARN_BLOCK_CAPTURE_AUTORELEASING = YES;
				CLANG_WARN_BOOL_CONVERSION = YES;
				CLANG_WARN_COMMA = YES;
				CLANG_WARN_CONSTANT_CONVERSION = YES;
				CLANG_WARN_DEPRECATED_OBJC_IMPLEMENTATIONS = YES;
				CLANG_WARN_DIRECT_OBJC_ISA_USAGE = YES_ERROR;
				CLANG_WARN_DOCUMENTATION_COMMENTS = YES;
				CLANG_WARN_EMPTY_BODY = YES;
				CLANG_WARN_ENUM_CONVERSION = YES;
				CLANG_WARN_INFINITE_RECURSION = YES;
				CLANG_WARN_INT_CONVERSION = YES;
				CLANG_WARN_NON_LITERAL_NULL_CONVERSION = YES;
				CLANG_WARN_OBJC_IMPLICIT_RETAIN_SELF = YES;
				CLANG_WARN_OBJC_LITERAL_CONVERSION = YES;
				CLANG_WARN_OBJC_ROOT_CLASS = YES_ERROR;
				CLANG_WARN_QUOTED_INCLUDE_IN_FRAMEWORK_HEADER = YES;
				CLANG_WARN_RANGE_LOOP_ANALYSIS = YES;
				CLANG_WARN_STRICT_PROTOTYPES = YES;
				CLANG_WARN_SUSPICIOUS_MOVE = YES;
				CLANG_WARN_UNGUARDED_AVAILABILITY = YES_AGGRESSIVE;
				CLANG_WARN_UNREACHABLE_CODE = YES;
				CLANG_WARN__DUPLICATE_METHOD_MATCH = YES;
				COPY_PHASE_STRIP = NO;
				DEBUG_INFORMATION_FORMAT = "dwarf-with-dsym";
				ENABLE_NS_ASSERTIONS = NO;
				ENABLE_STRICT_OBJC_MSGSEND = YES;
				ENABLE_USER_SCRIPT_SANDBOXING = YES;
				GCC_C_LANGUAGE_STANDARD = gnu17;
				GCC_NO_COMMON_BLOCKS = YES;
				GCC_WARN_64_TO_32_BIT_CONVERSION = YES;
				GCC_WARN_ABOUT_RETURN_TYPE = YES_ERROR;
				GCC_WARN_UNDECLARED_SELECTOR = YES;
				GCC_WARN_UNINITIALIZED_AUTOS = YES_AGGRESSIVE;
				GCC_WARN_UNUSED_FUNCTION = YES;
				GCC_WARN_UNUSED_VARIABLE = YES;
				IPHONEOS_DEPLOYMENT_TARGET = 17.2;
				LOCALIZATION_PREFERS_STRING_CATALOGS = YES;
				MTL_ENABLE_DEBUG_INFO = NO;
				MTL_FAST_MATH = YES;
				SDKROOT = iphoneos;
				SWIFT_COMPILATION_MODE = wholemodule;
				VALIDATE_PRODUCT = YES;
			};
			name = Release;
		};
		985D7A532B4B2F340066E5E5 /* Debug */ = {
			isa = XCBuildConfiguration;
			buildSettings = {
				ASSETCATALOG_COMPILER_APPICON_NAME = AppIcon;
				ASSETCATALOG_COMPILER_GLOBAL_ACCENT_COLOR_NAME = AccentColor;
				CODE_SIGN_STYLE = Automatic;
				CURRENT_PROJECT_VERSION = 1;
				DEVELOPMENT_ASSET_PATHS = "\"ExpenseTracker/Preview Content\"";
				DEVELOPMENT_TEAM = X9GLW84L39;
				ENABLE_PREVIEWS = YES;
				GENERATE_INFOPLIST_FILE = YES;
				INFOPLIST_KEY_UIApplicationSceneManifest_Generation = YES;
				INFOPLIST_KEY_UIApplicationSupportsIndirectInputEvents = YES;
				INFOPLIST_KEY_UILaunchStoryboardName = LaunchScreen.storyboard;
				INFOPLIST_KEY_UISupportedInterfaceOrientations_iPad = "UIInterfaceOrientationPortrait UIInterfaceOrientationPortraitUpsideDown UIInterfaceOrientationLandscapeLeft UIInterfaceOrientationLandscapeRight";
				INFOPLIST_KEY_UISupportedInterfaceOrientations_iPhone = "UIInterfaceOrientationPortrait UIInterfaceOrientationLandscapeLeft UIInterfaceOrientationLandscapeRight";
				LD_RUNPATH_SEARCH_PATHS = (
					"$(inherited)",
					"@executable_path/Frameworks",
				);
				MARKETING_VERSION = 1.0;
				PRODUCT_BUNDLE_IDENTIFIER = com.example.ExpenseTracker;
				PRODUCT_NAME = "$(TARGET_NAME)";
				SWIFT_EMIT_LOC_STRINGS = YES;
				SWIFT_VERSION = 5.0;
				TARGETED_DEVICE_FAMILY = "1,2";
			};
			name = Debug;
		};
		985D7A542B4B2F340066E5E5 /* Release */ = {
			isa = XCBuildConfiguration;
			buildSettings = {
				ASSETCATALOG_COMPILER_APPICON_NAME = AppIcon;
				ASSETCATALOG_COMPILER_GLOBAL_ACCENT_COLOR_NAME = AccentColor;
				CODE_SIGN_STYLE = Automatic;
				CURRENT_PROJECT_VERSION = 1;
				DEVELOPMENT_ASSET_PATHS = "\"ExpenseTracker/Preview Content\"";
				DEVELOPMENT_TEAM = X9GLW84L39;
				ENABLE_PREVIEWS = YES;
				GENERATE_INFOPLIST_FILE = YES;
				INFOPLIST_KEY_UIApplicationSceneManifest_Generation = YES;
				INFOPLIST_KEY_UIApplicationSupportsIndirectInputEvents = YES;
				INFOPLIST_KEY_UILaunchStoryboardName = LaunchScreen.storyboard;
				INFOPLIST_KEY_UISupportedInterfaceOrientations_iPad = "UIInterfaceOrientationPortrait UIInterfaceOrientationPortraitUpsideDown UIInterfaceOrientationLandscapeLeft UIInterfaceOrientationLandscapeRight";
				INFOPLIST_KEY_UISupportedInterfaceOrientations_iPhone = "UIInterfaceOrientationPortrait UIInterfaceOrientationLandscapeLeft UIInterfaceOrientationLandscapeRight";
				LD_RUNPATH_SEARCH_PATHS = (
					"$(inherited)",
					"@executable_path/Frameworks",
				);
				MARKETING_VERSION = 1.0;
				PRODUCT_BUNDLE_IDENTIFIER = com.example.ExpenseTracker;
				PRODUCT_NAME = "$(TARGET_NAME)";
				SWIFT_EMIT_LOC_STRINGS = YES;
				SWIFT_VERSION = 5.0;
				TARGETED_DEVICE_FAMILY = "1,2";
			};
			name = Release;
		};
/* End XCBuildConfiguration section */

/* Begin XCConfigurationList section */
		985D7A3F2B4B2F340066E5E5 /* Build configuration list for PBXProject "ExpenseTracker" */ = {
			isa = XCConfigurationList;
			buildConfigurations = (
				985D7A502B4B2F340066E5E5 /* Debug */,
				985D7A512B4B2F340066E5E5 /* Release */,
			);
			defaultConfigurationIsVisible = 0;
			defaultConfigurationName = Release;
		};
		985D7A522B4B2F340066E5E5 /* Build configuration list for PBXNativeTarget "ExpenseTracker" */ = {
			isa = XCConfigurationList;
			buildConfigurations = (
				985D7A532B4B2F340066E5E5 /* Debug */,
				985D7A542B4B2F340066E5E5 /* Release */,
			);
			defaultConfigurationIsVisible = 0;
			defaultConfigurationName = Release;
		};
/* End XCConfigurationList section */

/* Begin XCRemoteSwiftPackageReference section */
		985D7A632B4B337F0066E5E5 /* XCRemoteSwiftPackageReference "SwiftUIFontIcon" */ = {
			isa = XCRemoteSwiftPackageReference;
			repositoryURL = "https://github.com/huybuidac/SwiftUIFontIcon";
			requirement = {
				branch = master;
				kind = branch;
			};
		};
		985D7A6C2B4C27820066E5E5 /* XCRemoteSwiftPackageReference "swift-collections" */ = {
			isa = XCRemoteSwiftPackageReference;
			repositoryURL = "https://github.com/apple/swift-collections.git";
			requirement = {
				kind = upToNextMajorVersion;
				minimumVersion = 1.0.6;
			};
		};
		985D7A732B4C28F60066E5E5 /* XCRemoteSwiftPackageReference "ChartView" */ = {
			isa = XCRemoteSwiftPackageReference;
			repositoryURL = "https://github.com/AppPear/ChartView";
			requirement = {
				kind = exactVersion;
				version = "2.0.0-beta.2";
			};
		};
/* End XCRemoteSwiftPackageReference section */

/* Begin XCSwiftPackageProductDependency section */
		985D7A642B4B337F0066E5E5 /* SwiftUIFontIcon */ = {
			isa = XCSwiftPackageProductDependency;
			package = 985D7A632B4B337F0066E5E5 /* XCRemoteSwiftPackageReference "SwiftUIFontIcon" */;
			productName = SwiftUIFontIcon;
		};
		985D7A6D2B4C27820066E5E5 /* Collections */ = {
			isa = XCSwiftPackageProductDependency;
			package = 985D7A6C2B4C27820066E5E5 /* XCRemoteSwiftPackageReference "swift-collections" */;
			productName = Collections;
		};
		985D7A6F2B4C27820066E5E5 /* DequeModule */ = {
			isa = XCSwiftPackageProductDependency;
			package = 985D7A6C2B4C27820066E5E5 /* XCRemoteSwiftPackageReference "swift-collections" */;
			productName = DequeModule;
		};
		985D7A712B4C27820066E5E5 /* OrderedCollections */ = {
			isa = XCSwiftPackageProductDependency;
			package = 985D7A6C2B4C27820066E5E5 /* XCRemoteSwiftPackageReference "swift-collections" */;
			productName = OrderedCollections;
		};
		985D7A742B4C28F60066E5E5 /* SwiftUICharts */ = {
			isa = XCSwiftPackageProductDependency;
			package = 985D7A732B4C28F60066E5E5 /* XCRemoteSwiftPackageReference "ChartView" */;
			productName = SwiftUICharts;
		};
/* End XCSwiftPackageProductDependency section */
	};
	rootObject = 985D7A3C2B4B2F340066E5E5 /* Project object */;
}
